
Microsoft Visual Studio Solution File, Format Version 12.00
# Visual Studio Version 17
VisualStudioVersion = 17.5.002.0
MinimumVisualStudioVersion = 10.0.40219.1
Project("{2150E333-8FDC-42A3-9474-1A3956D46DE8}") = "sandbox", "sandbox", "{C0AE3F7A-4113-49B9-AE70-C0F6E0349679}"
EndProject
Project("{9A19103F-16F7-4668-BE54-9A1E7A4F7556}") = "sandbox_project", "sandbox\sandbox_project\sandbox_project.csproj", "{B06BCFB3-7BAC-40CC-A945-577E0F84E25D}"
EndProject
Project("{2150E333-8FDC-42A3-9474-1A3956D46DE8}") = "week01", "week01", "{A4E06396-F089-4509-B8F6-529CDEC5B67C}"
EndProject
Project("{9A19103F-16F7-4668-BE54-9A1E7A4F7556}") = "analyze", "week01\analyze\analyze.csproj", "{F4528DAC-247D-4D81-BA35-976A8826CA1A}"
EndProject
Project("{9A19103F-16F7-4668-BE54-9A1E7A4F7556}") = "code", "week01\code\code.csproj", "{FC944FCB-6F06-4F0B-91A2-BAC1CD1089DC}"
EndProject
Project("{9A19103F-16F7-4668-BE54-9A1E7A4F7556}") = "teach", "week01\teach\teach.csproj", "{9AACF8C5-DC9D-4893-8DC5-630895EFFFD1}"
EndProject
Project("{2150E333-8FDC-42A3-9474-1A3956D46DE8}") = "week02", "week02", "{6A113653-71EB-49F7-80DD-0E4855BF1AF1}"
EndProject
Project("{9A19103F-16F7-4668-BE54-9A1E7A4F7556}") = "analyze", "week02\analyze\analyze.csproj", "{D2B70F03-BD72-434D-8294-251B99289507}"
EndProject
Project("{9A19103F-16F7-4668-BE54-9A1E7A4F7556}") = "code", "week02\code\code.csproj", "{0905D2AA-5A7E-4753-8477-0B8367A12098}"
EndProject
Project("{9A19103F-16F7-4668-BE54-9A1E7A4F7556}") = "learn", "week02\learn\learn.csproj", "{EDC49614-C47C-4A24-9092-CDA4516167B2}"
EndProject
Project("{9A19103F-16F7-4668-BE54-9A1E7A4F7556}") = "teach", "week02\teach\teach.csproj", "{EFF3FFD8-04C3-4495-9B28-122CCEF76872}"
EndProject
Project("{2150E333-8FDC-42A3-9474-1A3956D46DE8}") = "week03", "week03", "{9194BABC-B118-4F92-B70A-D8FE1ED3E618}"
EndProject
Project("{9A19103F-16F7-4668-BE54-9A1E7A4F7556}") = "code", "week03\code\code.csproj", "{13C1A760-EF76-41C8-BCEC-D7B3FC7CFC90}"
EndProject
Project("{9A19103F-16F7-4668-BE54-9A1E7A4F7556}") = "learn", "week03\learn\learn.csproj", "{122404B3-1269-496E-BD2D-9AF98FCCEAA7}"
EndProject
Project("{9A19103F-16F7-4668-BE54-9A1E7A4F7556}") = "teach", "week03\teach\teach.csproj", "{4CBB4BEB-ACF2-476D-A864-96B8D0FA3EEC}"
EndProject
Project("{2150E333-8FDC-42A3-9474-1A3956D46DE8}") = "week04", "week04", "{C0D888C8-12AA-4F7A-BE23-D5AF7B6AC9AA}"
EndProject
Project("{9A19103F-16F7-4668-BE54-9A1E7A4F7556}") = "code", "week04\code\code.csproj", "{5155C009-F2DD-47BF-B9C7-64326ECB6827}"
EndProject
Project("{2150E333-8FDC-42A3-9474-1A3956D46DE8}") = "week05", "week05", "{D7A329FC-2E44-4F05-83ED-9FBD711F61F6}"
EndProject
Project("{9A19103F-16F7-4668-BE54-9A1E7A4F7556}") = "code", "week05\code\code.csproj", "{78D3E412-4227-4A2F-BB52-0C933A615372}"
EndProject
Project("{2150E333-8FDC-42A3-9474-1A3956D46DE8}") = "week06", "week06", "{C2AD9BB7-ADBB-4458-82C6-9D90AD95475D}"
EndProject
Project("{9A19103F-16F7-4668-BE54-9A1E7A4F7556}") = "code", "week06\code\code.csproj", "{3FF36920-EDC2-4C44-8EC9-559103B5B1C0}"
EndProject
Global
	GlobalSection(SolutionConfigurationPlatforms) = preSolution
		Debug|Any CPU = Debug|Any CPU
		Release|Any CPU = Release|Any CPU
	EndGlobalSection
	GlobalSection(ProjectConfigurationPlatforms) = postSolution
		{B06BCFB3-7BAC-40CC-A945-577E0F84E25D}.Debug|Any CPU.ActiveCfg = Debug|Any CPU
		{B06BCFB3-7BAC-40CC-A945-577E0F84E25D}.Debug|Any CPU.Build.0 = Debug|Any CPU
		{B06BCFB3-7BAC-40CC-A945-577E0F84E25D}.Release|Any CPU.ActiveCfg = Release|Any CPU
		{B06BCFB3-7BAC-40CC-A945-577E0F84E25D}.Release|Any CPU.Build.0 = Release|Any CPU
		{F4528DAC-247D-4D81-BA35-976A8826CA1A}.Debug|Any CPU.ActiveCfg = Debug|Any CPU
		{F4528DAC-247D-4D81-BA35-976A8826CA1A}.Debug|Any CPU.Build.0 = Debug|Any CPU
		{F4528DAC-247D-4D81-BA35-976A8826CA1A}.Release|Any CPU.ActiveCfg = Release|Any CPU
		{F4528DAC-247D-4D81-BA35-976A8826CA1A}.Release|Any CPU.Build.0 = Release|Any CPU
		{FC944FCB-6F06-4F0B-91A2-BAC1CD1089DC}.Debug|Any CPU.ActiveCfg = Debug|Any CPU
		{FC944FCB-6F06-4F0B-91A2-BAC1CD1089DC}.Debug|Any CPU.Build.0 = Debug|Any CPU
		{FC944FCB-6F06-4F0B-91A2-BAC1CD1089DC}.Release|Any CPU.ActiveCfg = Release|Any CPU
		{FC944FCB-6F06-4F0B-91A2-BAC1CD1089DC}.Release|Any CPU.Build.0 = Release|Any CPU
		{9AACF8C5-DC9D-4893-8DC5-630895EFFFD1}.Debug|Any CPU.ActiveCfg = Debug|Any CPU
		{9AACF8C5-DC9D-4893-8DC5-630895EFFFD1}.Debug|Any CPU.Build.0 = Debug|Any CPU
		{9AACF8C5-DC9D-4893-8DC5-630895EFFFD1}.Release|Any CPU.ActiveCfg = Release|Any CPU
		{9AACF8C5-DC9D-4893-8DC5-630895EFFFD1}.Release|Any CPU.Build.0 = Release|Any CPU
		{D2B70F03-BD72-434D-8294-251B99289507}.Debug|Any CPU.ActiveCfg = Debug|Any CPU
		{D2B70F03-BD72-434D-8294-251B99289507}.Debug|Any CPU.Build.0 = Debug|Any CPU
		{D2B70F03-BD72-434D-8294-251B99289507}.Release|Any CPU.ActiveCfg = Release|Any CPU
		{D2B70F03-BD72-434D-8294-251B99289507}.Release|Any CPU.Build.0 = Release|Any CPU
		{0905D2AA-5A7E-4753-8477-0B8367A12098}.Debug|Any CPU.ActiveCfg = Debug|Any CPU
		{0905D2AA-5A7E-4753-8477-0B8367A12098}.Debug|Any CPU.Build.0 = Debug|Any CPU
		{0905D2AA-5A7E-4753-8477-0B8367A12098}.Release|Any CPU.ActiveCfg = Release|Any CPU
		{0905D2AA-5A7E-4753-8477-0B8367A12098}.Release|Any CPU.Build.0 = Release|Any CPU
		{EDC49614-C47C-4A24-9092-CDA4516167B2}.Debug|Any CPU.ActiveCfg = Debug|Any CPU
		{EDC49614-C47C-4A24-9092-CDA4516167B2}.Debug|Any CPU.Build.0 = Debug|Any CPU
		{EDC49614-C47C-4A24-9092-CDA4516167B2}.Release|Any CPU.ActiveCfg = Release|Any CPU
		{EDC49614-C47C-4A24-9092-CDA4516167B2}.Release|Any CPU.Build.0 = Release|Any CPU
		{EFF3FFD8-04C3-4495-9B28-122CCEF76872}.Debug|Any CPU.ActiveCfg = Debug|Any CPU
		{EFF3FFD8-04C3-4495-9B28-122CCEF76872}.Debug|Any CPU.Build.0 = Debug|Any CPU
		{EFF3FFD8-04C3-4495-9B28-122CCEF76872}.Release|Any CPU.ActiveCfg = Release|Any CPU
		{EFF3FFD8-04C3-4495-9B28-122CCEF76872}.Release|Any CPU.Build.0 = Release|Any CPU
		{13C1A760-EF76-41C8-BCEC-D7B3FC7CFC90}.Debug|Any CPU.ActiveCfg = Debug|Any CPU
		{13C1A760-EF76-41C8-BCEC-D7B3FC7CFC90}.Debug|Any CPU.Build.0 = Debug|Any CPU
		{13C1A760-EF76-41C8-BCEC-D7B3FC7CFC90}.Release|Any CPU.ActiveCfg = Release|Any CPU
		{13C1A760-EF76-41C8-BCEC-D7B3FC7CFC90}.Release|Any CPU.Build.0 = Release|Any CPU
		{122404B3-1269-496E-BD2D-9AF98FCCEAA7}.Debug|Any CPU.ActiveCfg = Debug|Any CPU
		{122404B3-1269-496E-BD2D-9AF98FCCEAA7}.Debug|Any CPU.Build.0 = Debug|Any CPU
		{122404B3-1269-496E-BD2D-9AF98FCCEAA7}.Release|Any CPU.ActiveCfg = Release|Any CPU
		{122404B3-1269-496E-BD2D-9AF98FCCEAA7}.Release|Any CPU.Build.0 = Release|Any CPU
		{4CBB4BEB-ACF2-476D-A864-96B8D0FA3EEC}.Debug|Any CPU.ActiveCfg = Debug|Any CPU
		{4CBB4BEB-ACF2-476D-A864-96B8D0FA3EEC}.Debug|Any CPU.Build.0 = Debug|Any CPU
		{4CBB4BEB-ACF2-476D-A864-96B8D0FA3EEC}.Release|Any CPU.ActiveCfg = Release|Any CPU
		{4CBB4BEB-ACF2-476D-A864-96B8D0FA3EEC}.Release|Any CPU.Build.0 = Release|Any CPU
		{5155C009-F2DD-47BF-B9C7-64326ECB6827}.Debug|Any CPU.ActiveCfg = Debug|Any CPU
		{5155C009-F2DD-47BF-B9C7-64326ECB6827}.Debug|Any CPU.Build.0 = Debug|Any CPU
		{5155C009-F2DD-47BF-B9C7-64326ECB6827}.Release|Any CPU.ActiveCfg = Release|Any CPU
		{5155C009-F2DD-47BF-B9C7-64326ECB6827}.Release|Any CPU.Build.0 = Release|Any CPU
		{78D3E412-4227-4A2F-BB52-0C933A615372}.Debug|Any CPU.ActiveCfg = Debug|Any CPU
		{78D3E412-4227-4A2F-BB52-0C933A615372}.Debug|Any CPU.Build.0 = Debug|Any CPU
		{78D3E412-4227-4A2F-BB52-0C933A615372}.Release|Any CPU.ActiveCfg = Release|Any CPU
		{78D3E412-4227-4A2F-BB52-0C933A615372}.Release|Any CPU.Build.0 = Release|Any CPU
		{3FF36920-EDC2-4C44-8EC9-559103B5B1C0}.Debug|Any CPU.ActiveCfg = Debug|Any CPU
		{3FF36920-EDC2-4C44-8EC9-559103B5B1C0}.Debug|Any CPU.Build.0 = Debug|Any CPU
		{3FF36920-EDC2-4C44-8EC9-559103B5B1C0}.Release|Any CPU.ActiveCfg = Release|Any CPU
		{3FF36920-EDC2-4C44-8EC9-559103B5B1C0}.Release|Any CPU.Build.0 = Release|Any CPU
	EndGlobalSection
	GlobalSection(SolutionProperties) = preSolution
		HideSolutionNode = FALSE
	EndGlobalSection
	GlobalSection(NestedProjects) = preSolution
		{B06BCFB3-7BAC-40CC-A945-577E0F84E25D} = {C0AE3F7A-4113-49B9-AE70-C0F6E0349679}
		{F4528DAC-247D-4D81-BA35-976A8826CA1A} = {A4E06396-F089-4509-B8F6-529CDEC5B67C}
		{FC944FCB-6F06-4F0B-91A2-BAC1CD1089DC} = {A4E06396-F089-4509-B8F6-529CDEC5B67C}
		{9AACF8C5-DC9D-4893-8DC5-630895EFFFD1} = {A4E06396-F089-4509-B8F6-529CDEC5B67C}
		{D2B70F03-BD72-434D-8294-251B99289507} = {6A113653-71EB-49F7-80DD-0E4855BF1AF1}
		{0905D2AA-5A7E-4753-8477-0B8367A12098} = {6A113653-71EB-49F7-80DD-0E4855BF1AF1}
		{EDC49614-C47C-4A24-9092-CDA4516167B2} = {6A113653-71EB-49F7-80DD-0E4855BF1AF1}
		{EFF3FFD8-04C3-4495-9B28-122CCEF76872} = {6A113653-71EB-49F7-80DD-0E4855BF1AF1}
		{13C1A760-EF76-41C8-BCEC-D7B3FC7CFC90} = {9194BABC-B118-4F92-B70A-D8FE1ED3E618}
		{122404B3-1269-496E-BD2D-9AF98FCCEAA7} = {9194BABC-B118-4F92-B70A-D8FE1ED3E618}
		{4CBB4BEB-ACF2-476D-A864-96B8D0FA3EEC} = {9194BABC-B118-4F92-B70A-D8FE1ED3E618}
		{5155C009-F2DD-47BF-B9C7-64326ECB6827} = {C0D888C8-12AA-4F7A-BE23-D5AF7B6AC9AA}
		{78D3E412-4227-4A2F-BB52-0C933A615372} = {D7A329FC-2E44-4F05-83ED-9FBD711F61F6}
		{3FF36920-EDC2-4C44-8EC9-559103B5B1C0} = {C2AD9BB7-ADBB-4458-82C6-9D90AD95475D}
	EndGlobalSection
	GlobalSection(ExtensibilityGlobals) = postSolution
		SolutionGuid = {DD26D8C5-9919-4B74-8A51-E3EB7BDCE1F7}
	EndGlobalSection
EndGlobal
